
Microsoft Visual Studio Solution File, Format Version 12.00
# Visual Studio Version 17
VisualStudioVersion = 17.7.34302.85
MinimumVisualStudioVersion = 10.0.40219.1
Project("{FAE04EC0-301F-11D3-BF4B-00C04F79EFBC}") = "Core", "Core\Core.csproj", "{BBF8F0C8-B891-4377-A6F5-4312FF11FF3C}"
EndProject
Project("{FAE04EC0-301F-11D3-BF4B-00C04F79EFBC}") = "Entities", "Entities\Entities.csproj", "{5B24CCF0-3A03-48B4-B791-02478F9A3479}"
EndProject
Project("{FAE04EC0-301F-11D3-BF4B-00C04F79EFBC}") = "DataAccess", "DataAccess\DataAccess.csproj", "{0A8E53DE-4CC0-4125-835F-4B1288EEE175}"
EndProject
Project("{FAE04EC0-301F-11D3-BF4B-00C04F79EFBC}") = "Business", "Business\Business.csproj", "{5817F6A5-5148-4A96-950F-7B7F34D1A7E2}"
EndProject
Project("{FAE04EC0-301F-11D3-BF4B-00C04F79EFBC}") = "WebAPI", "WebAPI\WebAPI.csproj", "{DA14C30F-DB61-40A4-BEAC-A29B15F5C949}"
EndProject
Global
	GlobalSection(SolutionConfigurationPlatforms) = preSolution
		Debug|Any CPU = Debug|Any CPU
		Release|Any CPU = Release|Any CPU
	EndGlobalSection
	GlobalSection(ProjectConfigurationPlatforms) = postSolution
		{BBF8F0C8-B891-4377-A6F5-4312FF11FF3C}.Debug|Any CPU.ActiveCfg = Debug|Any CPU
		{BBF8F0C8-B891-4377-A6F5-4312FF11FF3C}.Debug|Any CPU.Build.0 = Debug|Any CPU
		{BBF8F0C8-B891-4377-A6F5-4312FF11FF3C}.Release|Any CPU.ActiveCfg = Release|Any CPU
		{BBF8F0C8-B891-4377-A6F5-4312FF11FF3C}.Release|Any CPU.Build.0 = Release|Any CPU
		{5B24CCF0-3A03-48B4-B791-02478F9A3479}.Debug|Any CPU.ActiveCfg = Debug|Any CPU
		{5B24CCF0-3A03-48B4-B791-02478F9A3479}.Debug|Any CPU.Build.0 = Debug|Any CPU
		{5B24CCF0-3A03-48B4-B791-02478F9A3479}.Release|Any CPU.ActiveCfg = Release|Any CPU
		{5B24CCF0-3A03-48B4-B791-02478F9A3479}.Release|Any CPU.Build.0 = Release|Any CPU
		{0A8E53DE-4CC0-4125-835F-4B1288EEE175}.Debug|Any CPU.ActiveCfg = Debug|Any CPU
		{0A8E53DE-4CC0-4125-835F-4B1288EEE175}.Debug|Any CPU.Build.0 = Debug|Any CPU
		{0A8E53DE-4CC0-4125-835F-4B1288EEE175}.Release|Any CPU.ActiveCfg = Release|Any CPU
		{0A8E53DE-4CC0-4125-835F-4B1288EEE175}.Release|Any CPU.Build.0 = Release|Any CPU
		{5817F6A5-5148-4A96-950F-7B7F34D1A7E2}.Debug|Any CPU.ActiveCfg = Debug|Any CPU
		{5817F6A5-5148-4A96-950F-7B7F34D1A7E2}.Debug|Any CPU.Build.0 = Debug|Any CPU
		{5817F6A5-5148-4A96-950F-7B7F34D1A7E2}.Release|Any CPU.ActiveCfg = Release|Any CPU
		{5817F6A5-5148-4A96-950F-7B7F34D1A7E2}.Release|Any CPU.Build.0 = Release|Any CPU
		{DA14C30F-DB61-40A4-BEAC-A29B15F5C949}.Debug|Any CPU.ActiveCfg = Debug|Any CPU
		{DA14C30F-DB61-40A4-BEAC-A29B15F5C949}.Debug|Any CPU.Build.0 = Debug|Any CPU
		{DA14C30F-DB61-40A4-BEAC-A29B15F5C949}.Release|Any CPU.ActiveCfg = Release|Any CPU
		{DA14C30F-DB61-40A4-BEAC-A29B15F5C949}.Release|Any CPU.Build.0 = Release|Any CPU
	EndGlobalSection
	GlobalSection(SolutionProperties) = preSolution
		HideSolutionNode = FALSE
	EndGlobalSection
	GlobalSection(ExtensibilityGlobals) = postSolution
		SolutionGuid = {4FBE3921-40E4-4039-A821-EC108A22B1DA}
	EndGlobalSection
EndGlobal
